// !$*UTF8*$!
{
	archiveVersion = 1;
	classes = {
	};
	objectVersion = 56;
	objects = {

/* Begin PBXBuildFile section */
		B91E10CF2C02283C0070E9F1 /* MusicBrowser.swift in Sources */ = {isa = PBXBuildFile; fileRef = B91E10CE2C02283C0070E9F1 /* MusicBrowser.swift */; };
		B91E10D22C024AFD0070E9F1 /* ContentView.swift in Sources */ = {isa = PBXBuildFile; fileRef = B91E10D12C024AFD0070E9F1 /* ContentView.swift */; };
		B91E10D42C024C660070E9F1 /* WelcomeView.swift in Sources */ = {isa = PBXBuildFile; fileRef = B91E10D32C024C660070E9F1 /* WelcomeView.swift */; };
		B91E10D72C02703B0070E9F1 /* Responses.swift in Sources */ = {isa = PBXBuildFile; fileRef = B91E10D62C02703B0070E9F1 /* Responses.swift */; };
		B91E10D92C0276D30070E9F1 /* SongRow.swift in Sources */ = {isa = PBXBuildFile; fileRef = B91E10D82C0276D30070E9F1 /* SongRow.swift */; };
		B91E10DB2C027E480070E9F1 /* SongList.swift in Sources */ = {isa = PBXBuildFile; fileRef = B91E10DA2C027E480070E9F1 /* SongList.swift */; };
		B91E10DD2C027F4B0070E9F1 /* Localizable.xcstrings in Resources */ = {isa = PBXBuildFile; fileRef = B91E10DC2C027F4B0070E9F1 /* Localizable.xcstrings */; };
		B91E10DF2C030F220070E9F1 /* NowPlayingView.swift in Sources */ = {isa = PBXBuildFile; fileRef = B91E10DE2C030F220070E9F1 /* NowPlayingView.swift */; };
		B91E10E12C030FF10070E9F1 /* ViewModifiers.swift in Sources */ = {isa = PBXBuildFile; fileRef = B91E10E02C030FF10070E9F1 /* ViewModifiers.swift */; };
		B91E10E52C0321750070E9F1 /* ScrubberView.swift in Sources */ = {isa = PBXBuildFile; fileRef = B91E10E42C0321750070E9F1 /* ScrubberView.swift */; };
		B91E10E72C032B880070E9F1 /* MarqueeText.swift in Sources */ = {isa = PBXBuildFile; fileRef = B91E10E62C032B880070E9F1 /* MarqueeText.swift */; };
		B91E10E92C03806F0070E9F1 /* LibrarySelector.swift in Sources */ = {isa = PBXBuildFile; fileRef = B91E10E82C03806F0070E9F1 /* LibrarySelector.swift */; };
		B91E10EB2C03A8A60070E9F1 /* DataContainer.swift in Sources */ = {isa = PBXBuildFile; fileRef = B91E10EA2C03A8A60070E9F1 /* DataContainer.swift */; };
		B9C341342C01A69D00A59B25 /* ArtisticlyApp.swift in Sources */ = {isa = PBXBuildFile; fileRef = B9C341332C01A69D00A59B25 /* ArtisticlyApp.swift */; };
		B9C341362C01A69D00A59B25 /* DemoView.swift in Sources */ = {isa = PBXBuildFile; fileRef = B9C341352C01A69D00A59B25 /* DemoView.swift */; };
		B9C341382C01A6A100A59B25 /* Assets.xcassets in Resources */ = {isa = PBXBuildFile; fileRef = B9C341372C01A6A100A59B25 /* Assets.xcassets */; };
		B9C3413B2C01A6A100A59B25 /* Preview Assets.xcassets in Resources */ = {isa = PBXBuildFile; fileRef = B9C3413A2C01A6A100A59B25 /* Preview Assets.xcassets */; };
		B9C341422C01A7A000A59B25 /* MusicManager.swift in Sources */ = {isa = PBXBuildFile; fileRef = B9C341412C01A7A000A59B25 /* MusicManager.swift */; };
		B9C341452C01CE4200A59B25 /* NowPlaying.swift in Sources */ = {isa = PBXBuildFile; fileRef = B9C341442C01CE4200A59B25 /* NowPlaying.swift */; };
		B9C341482C01E2B600A59B25 /* AirPlayButton.swift in Sources */ = {isa = PBXBuildFile; fileRef = B9C341472C01E2B600A59B25 /* AirPlayButton.swift */; };
/* End PBXBuildFile section */

/* Begin PBXFileReference section */
		B91E10CE2C02283C0070E9F1 /* MusicBrowser.swift */ = {isa = PBXFileReference; lastKnownFileType = sourcecode.swift; path = MusicBrowser.swift; sourceTree = "<group>"; };
		B91E10D12C024AFD0070E9F1 /* ContentView.swift */ = {isa = PBXFileReference; lastKnownFileType = sourcecode.swift; path = ContentView.swift; sourceTree = "<group>"; };
		B91E10D32C024C660070E9F1 /* WelcomeView.swift */ = {isa = PBXFileReference; lastKnownFileType = sourcecode.swift; path = WelcomeView.swift; sourceTree = "<group>"; };
		B91E10D62C02703B0070E9F1 /* Responses.swift */ = {isa = PBXFileReference; lastKnownFileType = sourcecode.swift; path = Responses.swift; sourceTree = "<group>"; };
		B91E10D82C0276D30070E9F1 /* SongRow.swift */ = {isa = PBXFileReference; lastKnownFileType = sourcecode.swift; path = SongRow.swift; sourceTree = "<group>"; };
		B91E10DA2C027E480070E9F1 /* SongList.swift */ = {isa = PBXFileReference; lastKnownFileType = sourcecode.swift; path = SongList.swift; sourceTree = "<group>"; };
		B91E10DC2C027F4B0070E9F1 /* Localizable.xcstrings */ = {isa = PBXFileReference; lastKnownFileType = text.json.xcstrings; name = Localizable.xcstrings; path = Artisticly/Localizable.xcstrings; sourceTree = SOURCE_ROOT; };
		B91E10DE2C030F220070E9F1 /* NowPlayingView.swift */ = {isa = PBXFileReference; lastKnownFileType = sourcecode.swift; path = NowPlayingView.swift; sourceTree = "<group>"; };
		B91E10E02C030FF10070E9F1 /* ViewModifiers.swift */ = {isa = PBXFileReference; lastKnownFileType = sourcecode.swift; path = ViewModifiers.swift; sourceTree = "<group>"; };
		B91E10E42C0321750070E9F1 /* ScrubberView.swift */ = {isa = PBXFileReference; lastKnownFileType = sourcecode.swift; path = ScrubberView.swift; sourceTree = "<group>"; };
		B91E10E62C032B880070E9F1 /* MarqueeText.swift */ = {isa = PBXFileReference; lastKnownFileType = sourcecode.swift; path = MarqueeText.swift; sourceTree = "<group>"; };
		B91E10E82C03806F0070E9F1 /* LibrarySelector.swift */ = {isa = PBXFileReference; lastKnownFileType = sourcecode.swift; path = LibrarySelector.swift; sourceTree = "<group>"; };
		B91E10EA2C03A8A60070E9F1 /* DataContainer.swift */ = {isa = PBXFileReference; lastKnownFileType = sourcecode.swift; path = DataContainer.swift; sourceTree = "<group>"; };
		B9C341302C01A69D00A59B25 /* Artisticly.app */ = {isa = PBXFileReference; explicitFileType = wrapper.application; includeInIndex = 0; path = Artisticly.app; sourceTree = BUILT_PRODUCTS_DIR; };
		B9C341332C01A69D00A59B25 /* ArtisticlyApp.swift */ = {isa = PBXFileReference; lastKnownFileType = sourcecode.swift; path = ArtisticlyApp.swift; sourceTree = "<group>"; };
		B9C341352C01A69D00A59B25 /* DemoView.swift */ = {isa = PBXFileReference; lastKnownFileType = sourcecode.swift; path = DemoView.swift; sourceTree = "<group>"; };
		B9C341372C01A6A100A59B25 /* Assets.xcassets */ = {isa = PBXFileReference; lastKnownFileType = folder.assetcatalog; path = Assets.xcassets; sourceTree = "<group>"; };
		B9C3413A2C01A6A100A59B25 /* Preview Assets.xcassets */ = {isa = PBXFileReference; lastKnownFileType = folder.assetcatalog; path = "Preview Assets.xcassets"; sourceTree = "<group>"; };
		B9C341412C01A7A000A59B25 /* MusicManager.swift */ = {isa = PBXFileReference; lastKnownFileType = sourcecode.swift; path = MusicManager.swift; sourceTree = "<group>"; };
		B9C341432C01CDCE00A59B25 /* Info.plist */ = {isa = PBXFileReference; lastKnownFileType = text.plist; path = Info.plist; sourceTree = "<group>"; };
		B9C341442C01CE4200A59B25 /* NowPlaying.swift */ = {isa = PBXFileReference; lastKnownFileType = sourcecode.swift; path = NowPlaying.swift; sourceTree = "<group>"; };
		B9C341462C01DF0400A59B25 /* Artisticly.entitlements */ = {isa = PBXFileReference; lastKnownFileType = text.plist.entitlements; path = Artisticly.entitlements; sourceTree = "<group>"; };
		B9C341472C01E2B600A59B25 /* AirPlayButton.swift */ = {isa = PBXFileReference; lastKnownFileType = sourcecode.swift; path = AirPlayButton.swift; sourceTree = "<group>"; };
/* End PBXFileReference section */

/* Begin PBXFrameworksBuildPhase section */
		B9C3412D2C01A69D00A59B25 /* Frameworks */ = {
			isa = PBXFrameworksBuildPhase;
			buildActionMask = 2147483647;
			files = (
			);
			runOnlyForDeploymentPostprocessing = 0;
		};
/* End PBXFrameworksBuildPhase section */

/* Begin PBXGroup section */
		B91E10D02C024AE00070E9F1 /* Views */ = {
			isa = PBXGroup;
			children = (
				B9C341352C01A69D00A59B25 /* DemoView.swift */,
				B91E10D12C024AFD0070E9F1 /* ContentView.swift */,
				B91E10D32C024C660070E9F1 /* WelcomeView.swift */,
				B91E10DA2C027E480070E9F1 /* SongList.swift */,
				B91E10DE2C030F220070E9F1 /* NowPlayingView.swift */,
			);
			path = Views;
			sourceTree = "<group>";
		};
		B91E10D52C0270300070E9F1 /* Browser */ = {
			isa = PBXGroup;
			children = (
				B91E10D62C02703B0070E9F1 /* Responses.swift */,
			);
			path = Browser;
			sourceTree = "<group>";
		};
		B9C341272C01A69D00A59B25 = {
			isa = PBXGroup;
			children = (
				B9C341322C01A69D00A59B25 /* Artisticly */,
				B9C341312C01A69D00A59B25 /* Products */,
			);
			sourceTree = "<group>";
		};
		B9C341312C01A69D00A59B25 /* Products */ = {
			isa = PBXGroup;
			children = (
				B9C341302C01A69D00A59B25 /* Artisticly.app */,
			);
			name = Products;
			sourceTree = "<group>";
		};
		B9C341322C01A69D00A59B25 /* Artisticly */ = {
			isa = PBXGroup;
			children = (
				B9C341332C01A69D00A59B25 /* ArtisticlyApp.swift */,
				B91E10EA2C03A8A60070E9F1 /* DataContainer.swift */,
				B91E10D52C0270300070E9F1 /* Browser */,
				B91E10D02C024AE00070E9F1 /* Views */,
				B9C3414A2C01ED4300A59B25 /* Components */,
				B9C341492C01ED3800A59B25 /* Music */,
				B9C341462C01DF0400A59B25 /* Artisticly.entitlements */,
				B9C341432C01CDCE00A59B25 /* Info.plist */,
				B91E10DC2C027F4B0070E9F1 /* Localizable.xcstrings */,
				B9C341372C01A6A100A59B25 /* Assets.xcassets */,
				B9C341392C01A6A100A59B25 /* Preview Content */,
			);
			path = Artisticly;
			sourceTree = "<group>";
		};
		B9C341392C01A6A100A59B25 /* Preview Content */ = {
			isa = PBXGroup;
			children = (
				B9C3413A2C01A6A100A59B25 /* Preview Assets.xcassets */,
			);
			path = "Preview Content";
			sourceTree = "<group>";
		};
		B9C341492C01ED3800A59B25 /* Music */ = {
			isa = PBXGroup;
			children = (
				B9C341412C01A7A000A59B25 /* MusicManager.swift */,
				B9C341442C01CE4200A59B25 /* NowPlaying.swift */,
				B91E10CE2C02283C0070E9F1 /* MusicBrowser.swift */,
			);
			path = Music;
			sourceTree = "<group>";
		};
		B9C3414A2C01ED4300A59B25 /* Components */ = {
			isa = PBXGroup;
			children = (
				B91E10D82C0276D30070E9F1 /* SongRow.swift */,
				B9C341472C01E2B600A59B25 /* AirPlayButton.swift */,
				B91E10E02C030FF10070E9F1 /* ViewModifiers.swift */,
				B91E10E42C0321750070E9F1 /* ScrubberView.swift */,
				B91E10E62C032B880070E9F1 /* MarqueeText.swift */,
				B91E10E82C03806F0070E9F1 /* LibrarySelector.swift */,
			);
			path = Components;
			sourceTree = "<group>";
		};
/* End PBXGroup section */

/* Begin PBXNativeTarget section */
		B9C3412F2C01A69D00A59B25 /* Artisticly */ = {
			isa = PBXNativeTarget;
			buildConfigurationList = B9C3413E2C01A6A100A59B25 /* Build configuration list for PBXNativeTarget "Artisticly" */;
			buildPhases = (
				B9C3412C2C01A69D00A59B25 /* Sources */,
				B9C3412D2C01A69D00A59B25 /* Frameworks */,
				B9C3412E2C01A69D00A59B25 /* Resources */,
			);
			buildRules = (
			);
			dependencies = (
			);
			name = Artisticly;
			productName = Artisticly;
			productReference = B9C341302C01A69D00A59B25 /* Artisticly.app */;
			productType = "com.apple.product-type.application";
		};
/* End PBXNativeTarget section */

/* Begin PBXProject section */
		B9C341282C01A69D00A59B25 /* Project object */ = {
			isa = PBXProject;
			attributes = {
				BuildIndependentTargetsInParallel = 1;
				LastSwiftUpdateCheck = 1530;
				LastUpgradeCheck = 1530;
				TargetAttributes = {
					B9C3412F2C01A69D00A59B25 = {
						CreatedOnToolsVersion = 15.3;
					};
				};
			};
			buildConfigurationList = B9C3412B2C01A69D00A59B25 /* Build configuration list for PBXProject "Artisticly" */;
			compatibilityVersion = "Xcode 14.0";
			developmentRegion = en;
			hasScannedForEncodings = 0;
			knownRegions = (
				en,
				Base,
				fr,
			);
			mainGroup = B9C341272C01A69D00A59B25;
			productRefGroup = B9C341312C01A69D00A59B25 /* Products */;
			projectDirPath = "";
			projectRoot = "";
			targets = (
				B9C3412F2C01A69D00A59B25 /* Artisticly */,
			);
		};
/* End PBXProject section */

/* Begin PBXResourcesBuildPhase section */
		B9C3412E2C01A69D00A59B25 /* Resources */ = {
			isa = PBXResourcesBuildPhase;
			buildActionMask = 2147483647;
			files = (
				B9C3413B2C01A6A100A59B25 /* Preview Assets.xcassets in Resources */,
				B9C341382C01A6A100A59B25 /* Assets.xcassets in Resources */,
				B91E10DD2C027F4B0070E9F1 /* Localizable.xcstrings in Resources */,
			);
			runOnlyForDeploymentPostprocessing = 0;
		};
/* End PBXResourcesBuildPhase section */

/* Begin PBXSourcesBuildPhase section */
		B9C3412C2C01A69D00A59B25 /* Sources */ = {
			isa = PBXSourcesBuildPhase;
			buildActionMask = 2147483647;
			files = (
				B91E10D72C02703B0070E9F1 /* Responses.swift in Sources */,
				B9C341362C01A69D00A59B25 /* DemoView.swift in Sources */,
				B9C341482C01E2B600A59B25 /* AirPlayButton.swift in Sources */,
				B91E10DB2C027E480070E9F1 /* SongList.swift in Sources */,
				B91E10E52C0321750070E9F1 /* ScrubberView.swift in Sources */,
				B91E10D22C024AFD0070E9F1 /* ContentView.swift in Sources */,
				B91E10D42C024C660070E9F1 /* WelcomeView.swift in Sources */,
				B91E10E72C032B880070E9F1 /* MarqueeText.swift in Sources */,
				B91E10E92C03806F0070E9F1 /* LibrarySelector.swift in Sources */,
				B91E10DF2C030F220070E9F1 /* NowPlayingView.swift in Sources */,
				B9C341342C01A69D00A59B25 /* ArtisticlyApp.swift in Sources */,
				B91E10EB2C03A8A60070E9F1 /* DataContainer.swift in Sources */,
				B9C341422C01A7A000A59B25 /* MusicManager.swift in Sources */,
				B91E10D92C0276D30070E9F1 /* SongRow.swift in Sources */,
				B91E10E12C030FF10070E9F1 /* ViewModifiers.swift in Sources */,
				B91E10CF2C02283C0070E9F1 /* MusicBrowser.swift in Sources */,
				B9C341452C01CE4200A59B25 /* NowPlaying.swift in Sources */,
			);
			runOnlyForDeploymentPostprocessing = 0;
		};
/* End PBXSourcesBuildPhase section */

/* Begin XCBuildConfiguration section */
		B9C3413C2C01A6A100A59B25 /* Debug */ = {
			isa = XCBuildConfiguration;
			buildSettings = {
				ALWAYS_SEARCH_USER_PATHS = NO;
				ASSETCATALOG_COMPILER_GENERATE_SWIFT_ASSET_SYMBOL_EXTENSIONS = YES;
				CLANG_ANALYZER_NONNULL = YES;
				CLANG_ANALYZER_NUMBER_OBJECT_CONVERSION = YES_AGGRESSIVE;
				CLANG_CXX_LANGUAGE_STANDARD = "gnu++20";
				CLANG_ENABLE_MODULES = YES;
				CLANG_ENABLE_OBJC_ARC = YES;
				CLANG_ENABLE_OBJC_WEAK = YES;
				CLANG_WARN_BLOCK_CAPTURE_AUTORELEASING = YES;
				CLANG_WARN_BOOL_CONVERSION = YES;
				CLANG_WARN_COMMA = YES;
				CLANG_WARN_CONSTANT_CONVERSION = YES;
				CLANG_WARN_DEPRECATED_OBJC_IMPLEMENTATIONS = YES;
				CLANG_WARN_DIRECT_OBJC_ISA_USAGE = YES_ERROR;
				CLANG_WARN_DOCUMENTATION_COMMENTS = YES;
				CLANG_WARN_EMPTY_BODY = YES;
				CLANG_WARN_ENUM_CONVERSION = YES;
				CLANG_WARN_INFINITE_RECURSION = YES;
				CLANG_WARN_INT_CONVERSION = YES;
				CLANG_WARN_NON_LITERAL_NULL_CONVERSION = YES;
				CLANG_WARN_OBJC_IMPLICIT_RETAIN_SELF = YES;
				CLANG_WARN_OBJC_LITERAL_CONVERSION = YES;
				CLANG_WARN_OBJC_ROOT_CLASS = YES_ERROR;
				CLANG_WARN_QUOTED_INCLUDE_IN_FRAMEWORK_HEADER = YES;
				CLANG_WARN_RANGE_LOOP_ANALYSIS = YES;
				CLANG_WARN_STRICT_PROTOTYPES = YES;
				CLANG_WARN_SUSPICIOUS_MOVE = YES;
				CLANG_WARN_UNGUARDED_AVAILABILITY = YES_AGGRESSIVE;
				CLANG_WARN_UNREACHABLE_CODE = YES;
				CLANG_WARN__DUPLICATE_METHOD_MATCH = YES;
				COPY_PHASE_STRIP = NO;
				DEBUG_INFORMATION_FORMAT = dwarf;
				ENABLE_STRICT_OBJC_MSGSEND = YES;
				ENABLE_TESTABILITY = YES;
				ENABLE_USER_SCRIPT_SANDBOXING = YES;
				GCC_C_LANGUAGE_STANDARD = gnu17;
				GCC_DYNAMIC_NO_PIC = NO;
				GCC_NO_COMMON_BLOCKS = YES;
				GCC_OPTIMIZATION_LEVEL = 0;
				GCC_PREPROCESSOR_DEFINITIONS = (
					"DEBUG=1",
					"$(inherited)",
				);
				GCC_WARN_64_TO_32_BIT_CONVERSION = YES;
				GCC_WARN_ABOUT_RETURN_TYPE = YES_ERROR;
				GCC_WARN_UNDECLARED_SELECTOR = YES;
				GCC_WARN_UNINITIALIZED_AUTOS = YES_AGGRESSIVE;
				GCC_WARN_UNUSED_FUNCTION = YES;
				GCC_WARN_UNUSED_VARIABLE = YES;
				IPHONEOS_DEPLOYMENT_TARGET = 17.0;
				LOCALIZATION_PREFERS_STRING_CATALOGS = YES;
				MTL_ENABLE_DEBUG_INFO = INCLUDE_SOURCE;
				MTL_FAST_MATH = YES;
				ONLY_ACTIVE_ARCH = YES;
				SDKROOT = iphoneos;
				SWIFT_ACTIVE_COMPILATION_CONDITIONS = "DEBUG $(inherited)";
				SWIFT_OPTIMIZATION_LEVEL = "-Onone";
			};
			name = Debug;
		};
		B9C3413D2C01A6A100A59B25 /* Release */ = {
			isa = XCBuildConfiguration;
			buildSettings = {
				ALWAYS_SEARCH_USER_PATHS = NO;
				ASSETCATALOG_COMPILER_GENERATE_SWIFT_ASSET_SYMBOL_EXTENSIONS = YES;
				CLANG_ANALYZER_NONNULL = YES;
				CLANG_ANALYZER_NUMBER_OBJECT_CONVERSION = YES_AGGRESSIVE;
				CLANG_CXX_LANGUAGE_STANDARD = "gnu++20";
				CLANG_ENABLE_MODULES = YES;
				CLANG_ENABLE_OBJC_ARC = YES;
				CLANG_ENABLE_OBJC_WEAK = YES;
				CLANG_WARN_BLOCK_CAPTURE_AUTORELEASING = YES;
				CLANG_WARN_BOOL_CONVERSION = YES;
				CLANG_WARN_COMMA = YES;
				CLANG_WARN_CONSTANT_CONVERSION = YES;
				CLANG_WARN_DEPRECATED_OBJC_IMPLEMENTATIONS = YES;
				CLANG_WARN_DIRECT_OBJC_ISA_USAGE = YES_ERROR;
				CLANG_WARN_DOCUMENTATION_COMMENTS = YES;
				CLANG_WARN_EMPTY_BODY = YES;
				CLANG_WARN_ENUM_CONVERSION = YES;
				CLANG_WARN_INFINITE_RECURSION = YES;
				CLANG_WARN_INT_CONVERSION = YES;
				CLANG_WARN_NON_LITERAL_NULL_CONVERSION = YES;
				CLANG_WARN_OBJC_IMPLICIT_RETAIN_SELF = YES;
				CLANG_WARN_OBJC_LITERAL_CONVERSION = YES;
				CLANG_WARN_OBJC_ROOT_CLASS = YES_ERROR;
				CLANG_WARN_QUOTED_INCLUDE_IN_FRAMEWORK_HEADER = YES;
				CLANG_WARN_RANGE_LOOP_ANALYSIS = YES;
				CLANG_WARN_STRICT_PROTOTYPES = YES;
				CLANG_WARN_SUSPICIOUS_MOVE = YES;
				CLANG_WARN_UNGUARDED_AVAILABILITY = YES_AGGRESSIVE;
				CLANG_WARN_UNREACHABLE_CODE = YES;
				CLANG_WARN__DUPLICATE_METHOD_MATCH = YES;
				COPY_PHASE_STRIP = NO;
				DEBUG_INFORMATION_FORMAT = "dwarf-with-dsym";
				ENABLE_NS_ASSERTIONS = NO;
				ENABLE_STRICT_OBJC_MSGSEND = YES;
				ENABLE_USER_SCRIPT_SANDBOXING = YES;
				GCC_C_LANGUAGE_STANDARD = gnu17;
				GCC_NO_COMMON_BLOCKS = YES;
				GCC_WARN_64_TO_32_BIT_CONVERSION = YES;
				GCC_WARN_ABOUT_RETURN_TYPE = YES_ERROR;
				GCC_WARN_UNDECLARED_SELECTOR = YES;
				GCC_WARN_UNINITIALIZED_AUTOS = YES_AGGRESSIVE;
				GCC_WARN_UNUSED_FUNCTION = YES;
				GCC_WARN_UNUSED_VARIABLE = YES;
				IPHONEOS_DEPLOYMENT_TARGET = 17.0;
				LOCALIZATION_PREFERS_STRING_CATALOGS = YES;
				MTL_ENABLE_DEBUG_INFO = NO;
				MTL_FAST_MATH = YES;
				SDKROOT = iphoneos;
				SWIFT_COMPILATION_MODE = wholemodule;
				VALIDATE_PRODUCT = YES;
			};
			name = Release;
		};
		B9C3413F2C01A6A100A59B25 /* Debug */ = {
			isa = XCBuildConfiguration;
			buildSettings = {
				ASSETCATALOG_COMPILER_APPICON_NAME = AppIcon;
				ASSETCATALOG_COMPILER_GLOBAL_ACCENT_COLOR_NAME = AccentColor;
				CODE_SIGN_ENTITLEMENTS = Artisticly/Artisticly.entitlements;
				CODE_SIGN_STYLE = Automatic;
				CURRENT_PROJECT_VERSION = 1;
				DEVELOPMENT_ASSET_PATHS = "\"Artisticly/Preview Content\"";
				DEVELOPMENT_TEAM = HB5P3BML86;
				ENABLE_PREVIEWS = YES;
				GENERATE_INFOPLIST_FILE = YES;
				INFOPLIST_FILE = Artisticly/Info.plist;
				INFOPLIST_KEY_CFBundleDisplayName = Artisticly;
				INFOPLIST_KEY_LSApplicationCategoryType = "public.app-category.music";
				INFOPLIST_KEY_UIApplicationSceneManifest_Generation = YES;
				INFOPLIST_KEY_UIApplicationSupportsIndirectInputEvents = YES;
				INFOPLIST_KEY_UILaunchScreen_Generation = YES;
				INFOPLIST_KEY_UISupportedInterfaceOrientations = "UIInterfaceOrientationLandscapeLeft UIInterfaceOrientationLandscapeRight UIInterfaceOrientationPortrait";
				INFOPLIST_KEY_UISupportedInterfaceOrientations_iPad = "UIInterfaceOrientationLandscapeLeft UIInterfaceOrientationLandscapeRight UIInterfaceOrientationPortrait UIInterfaceOrientationPortraitUpsideDown";
				IPHONEOS_DEPLOYMENT_TARGET = 17.0;
				LD_RUNPATH_SEARCH_PATHS = (
					"$(inherited)",
					"@executable_path/Frameworks",
				);
				MARKETING_VERSION = 0.0.2;
				PRODUCT_BUNDLE_IDENTIFIER = fr.lumaa.Artisticly;
				PRODUCT_NAME = "$(TARGET_NAME)";
				SUPPORTED_PLATFORMS = "iphoneos iphonesimulator";
				SUPPORTS_MACCATALYST = NO;
				SUPPORTS_MAC_DESIGNED_FOR_IPHONE_IPAD = NO;
				SUPPORTS_XR_DESIGNED_FOR_IPHONE_IPAD = NO;
				SWIFT_EMIT_LOC_STRINGS = YES;
				SWIFT_VERSION = 5.0;
				TARGETED_DEVICE_FAMILY = 1;
			};
			name = Debug;
		};
		B9C341402C01A6A100A59B25 /* Release */ = {
			isa = XCBuildConfiguration;
			buildSettings = {
				ASSETCATALOG_COMPILER_APPICON_NAME = AppIcon;
				ASSETCATALOG_COMPILER_GLOBAL_ACCENT_COLOR_NAME = AccentColor;
				CODE_SIGN_ENTITLEMENTS = Artisticly/Artisticly.entitlements;
				CODE_SIGN_STYLE = Automatic;
				CURRENT_PROJECT_VERSION = 1;
				DEVELOPMENT_ASSET_PATHS = "\"Artisticly/Preview Content\"";
				DEVELOPMENT_TEAM = HB5P3BML86;
				ENABLE_PREVIEWS = YES;
				GENERATE_INFOPLIST_FILE = YES;
				INFOPLIST_FILE = Artisticly/Info.plist;
				INFOPLIST_KEY_CFBundleDisplayName = Artisticly;
				INFOPLIST_KEY_LSApplicationCategoryType = "public.app-category.music";
				INFOPLIST_KEY_UIApplicationSceneManifest_Generation = YES;
				INFOPLIST_KEY_UIApplicationSupportsIndirectInputEvents = YES;
				INFOPLIST_KEY_UILaunchScreen_Generation = YES;
				INFOPLIST_KEY_UISupportedInterfaceOrientations = "UIInterfaceOrientationLandscapeLeft UIInterfaceOrientationLandscapeRight UIInterfaceOrientationPortrait";
				INFOPLIST_KEY_UISupportedInterfaceOrientations_iPad = "UIInterfaceOrientationLandscapeLeft UIInterfaceOrientationLandscapeRight UIInterfaceOrientationPortrait UIInterfaceOrientationPortraitUpsideDown";
				IPHONEOS_DEPLOYMENT_TARGET = 17.0;
				LD_RUNPATH_SEARCH_PATHS = (
					"$(inherited)",
					"@executable_path/Frameworks",
				);
				MARKETING_VERSION = 0.0.2;
				PRODUCT_BUNDLE_IDENTIFIER = fr.lumaa.Artisticly;
				PRODUCT_NAME = "$(TARGET_NAME)";
				SUPPORTED_PLATFORMS = "iphoneos iphonesimulator";
				SUPPORTS_MACCATALYST = NO;
				SUPPORTS_MAC_DESIGNED_FOR_IPHONE_IPAD = NO;
				SUPPORTS_XR_DESIGNED_FOR_IPHONE_IPAD = NO;
				SWIFT_EMIT_LOC_STRINGS = YES;
				SWIFT_VERSION = 5.0;
				TARGETED_DEVICE_FAMILY = 1;
			};
			name = Release;
		};
/* End XCBuildConfiguration section */

/* Begin XCConfigurationList section */
		B9C3412B2C01A69D00A59B25 /* Build configuration list for PBXProject "Artisticly" */ = {
			isa = XCConfigurationList;
			buildConfigurations = (
				B9C3413C2C01A6A100A59B25 /* Debug */,
				B9C3413D2C01A6A100A59B25 /* Release */,
			);
			defaultConfigurationIsVisible = 0;
			defaultConfigurationName = Release;
		};
		B9C3413E2C01A6A100A59B25 /* Build configuration list for PBXNativeTarget "Artisticly" */ = {
			isa = XCConfigurationList;
			buildConfigurations = (
				B9C3413F2C01A6A100A59B25 /* Debug */,
				B9C341402C01A6A100A59B25 /* Release */,
			);
			defaultConfigurationIsVisible = 0;
			defaultConfigurationName = Release;
		};
/* End XCConfigurationList section */
	};
	rootObject = B9C341282C01A69D00A59B25 /* Project object */;
}
